{
  "version": 4,
  "terraform_version": "0.14.7",
  "serial": 5,
  "lineage": "137dfd09-ba05-f700-463b-63a9fc925947",
  "outputs": {},
  "resources": [
    {
      "mode": "managed",
      "type": "azurerm_resource_group",
      "name": "tf-pre-created",
      "provider": "provider[\"registry.terraform.io/hashicorp/azurerm\"]",
      "instances": [
        {
          "schema_version": 0,
          "attributes": {
            "id": "/subscriptions/3d02b1ba-2d66-4c30-9d49-d75f51ea0e10/resourceGroups/tf-module-bootup-state-rg",
            "location": "eastus2",
            "name": "tf-module-bootup-state-rg",
            "tags": {
              "environment": "dev_module"
            },
            "timeouts": null
          },
          "sensitive_attributes": [],
          "private": "eyJlMmJmYjczMC1lY2FhLTExZTYtOGY4OC0zNDM2M2JjN2M0YzAiOnsiY3JlYXRlIjo1NDAwMDAwMDAwMDAwLCJkZWxldGUiOjU0MDAwMDAwMDAwMDAsInJlYWQiOjMwMDAwMDAwMDAwMCwidXBkYXRlIjo1NDAwMDAwMDAwMDAwfX0="
        }
      ]
    },
    {
      "mode": "managed",
      "type": "azurerm_storage_account",
      "name": "tfstate",
      "provider": "provider[\"registry.terraform.io/hashicorp/azurerm\"]",
      "instances": [
        {
          "schema_version": 2,
          "attributes": {
            "access_tier": "Hot",
            "account_kind": "StorageV2",
            "account_replication_type": "LRS",
            "account_tier": "Standard",
            "allow_blob_public_access": false,
            "blob_properties": [],
            "custom_domain": [],
            "enable_https_traffic_only": true,
            "id": "/subscriptions/3d02b1ba-2d66-4c30-9d49-d75f51ea0e10/resourceGroups/tf-module-bootup-state-rg/providers/Microsoft.Storage/storageAccounts/tfbootstoragemodulerac",
            "identity": [
              {
                "principal_id": "94ffae30-b466-4b0a-97fb-b038442ecb22",
                "tenant_id": "72f988bf-86f1-41af-91ab-2d7cd011db47",
                "type": "SystemAssigned"
              }
            ],
            "is_hns_enabled": false,
            "large_file_share_enabled": null,
            "location": "eastus2",
            "min_tls_version": "TLS1_0",
            "name": "tfbootstoragemodulerac",
            "network_rules": [
              {
                "bypass": [
                  "AzureServices"
                ],
                "default_action": "Allow",
                "ip_rules": [],
                "virtual_network_subnet_ids": []
              }
            ],
            "primary_access_key": "qP0SBaU95a60w5ObqFDWHfOcia7Hn4cmRYqO5gN31gi8IUcVGBcT3QNZvSTUNqddnM0+xHyysy0YClnQ2XgnPQ==",
            "primary_blob_connection_string": "DefaultEndpointsProtocol=https;BlobEndpoint=https://tfbootstoragemodulerac.blob.core.windows.net/;AccountName=tfbootstoragemodulerac;AccountKey=qP0SBaU95a60w5ObqFDWHfOcia7Hn4cmRYqO5gN31gi8IUcVGBcT3QNZvSTUNqddnM0+xHyysy0YClnQ2XgnPQ==",
            "primary_blob_endpoint": "https://tfbootstoragemodulerac.blob.core.windows.net/",
            "primary_blob_host": "tfbootstoragemodulerac.blob.core.windows.net",
            "primary_connection_string": "DefaultEndpointsProtocol=https;AccountName=tfbootstoragemodulerac;AccountKey=qP0SBaU95a60w5ObqFDWHfOcia7Hn4cmRYqO5gN31gi8IUcVGBcT3QNZvSTUNqddnM0+xHyysy0YClnQ2XgnPQ==;EndpointSuffix=core.windows.net",
            "primary_dfs_endpoint": "https://tfbootstoragemodulerac.dfs.core.windows.net/",
            "primary_dfs_host": "tfbootstoragemodulerac.dfs.core.windows.net",
            "primary_file_endpoint": "https://tfbootstoragemodulerac.file.core.windows.net/",
            "primary_file_host": "tfbootstoragemodulerac.file.core.windows.net",
            "primary_location": "eastus2",
            "primary_queue_endpoint": "https://tfbootstoragemodulerac.queue.core.windows.net/",
            "primary_queue_host": "tfbootstoragemodulerac.queue.core.windows.net",
            "primary_table_endpoint": "https://tfbootstoragemodulerac.table.core.windows.net/",
            "primary_table_host": "tfbootstoragemodulerac.table.core.windows.net",
            "primary_web_endpoint": "https://tfbootstoragemodulerac.z20.web.core.windows.net/",
            "primary_web_host": "tfbootstoragemodulerac.z20.web.core.windows.net",
            "queue_properties": [
              {
                "cors_rule": [],
                "hour_metrics": [
                  {
                    "enabled": true,
                    "include_apis": true,
                    "retention_policy_days": 7,
                    "version": "1.0"
                  }
                ],
                "logging": [
                  {
                    "delete": false,
                    "read": false,
                    "retention_policy_days": 0,
                    "version": "1.0",
                    "write": false
                  }
                ],
                "minute_metrics": [
                  {
                    "enabled": false,
                    "include_apis": false,
                    "retention_policy_days": 0,
                    "version": "1.0"
                  }
                ]
              }
            ],
            "resource_group_name": "tf-module-bootup-state-rg",
            "secondary_access_key": "uU2AFJs8+pd5MQfoxIBNRBidHZWBUS1AZBerWeOZsN93L2dZyqrJT9iYicUbGWdK7i1mKMUs2kBQH1+KNmE03g==",
            "secondary_blob_connection_string": "",
            "secondary_blob_endpoint": null,
            "secondary_blob_host": null,
            "secondary_connection_string": "DefaultEndpointsProtocol=https;AccountName=tfbootstoragemodulerac;AccountKey=uU2AFJs8+pd5MQfoxIBNRBidHZWBUS1AZBerWeOZsN93L2dZyqrJT9iYicUbGWdK7i1mKMUs2kBQH1+KNmE03g==;EndpointSuffix=core.windows.net",
            "secondary_dfs_endpoint": null,
            "secondary_dfs_host": null,
            "secondary_file_endpoint": null,
            "secondary_file_host": null,
            "secondary_location": "",
            "secondary_queue_endpoint": null,
            "secondary_queue_host": null,
            "secondary_table_endpoint": null,
            "secondary_table_host": null,
            "secondary_web_endpoint": null,
            "secondary_web_host": null,
            "static_website": [],
            "tags": {
              "environment": "dev_module"
            },
            "timeouts": null
          },
          "sensitive_attributes": [],
          "private": "eyJlMmJmYjczMC1lY2FhLTExZTYtOGY4OC0zNDM2M2JjN2M0YzAiOnsiY3JlYXRlIjozNjAwMDAwMDAwMDAwLCJkZWxldGUiOjM2MDAwMDAwMDAwMDAsInJlYWQiOjMwMDAwMDAwMDAwMCwidXBkYXRlIjozNjAwMDAwMDAwMDAwfSwic2NoZW1hX3ZlcnNpb24iOiIyIn0=",
          "dependencies": [
            "azurerm_resource_group.tf-pre-created"
          ]
        }
      ]
    },
    {
      "mode": "managed",
      "type": "azurerm_storage_account",
      "name": "tfstatebak-spike",
      "provider": "provider[\"registry.terraform.io/hashicorp/azurerm\"]",
      "instances": [
        {
          "schema_version": 2,
          "attributes": {
            "access_tier": "Hot",
            "account_kind": "StorageV2",
            "account_replication_type": "LRS",
            "account_tier": "Standard",
            "allow_blob_public_access": false,
            "blob_properties": [],
            "custom_domain": [],
            "enable_https_traffic_only": true,
            "id": "/subscriptions/3d02b1ba-2d66-4c30-9d49-d75f51ea0e10/resourceGroups/tf-module-bootup-state-rg/providers/Microsoft.Storage/storageAccounts/tfbackstoragemodulerac",
            "identity": [
              {
                "principal_id": "ea514e82-8273-4128-aac5-e96c33005669",
                "tenant_id": "72f988bf-86f1-41af-91ab-2d7cd011db47",
                "type": "SystemAssigned"
              }
            ],
            "is_hns_enabled": false,
            "large_file_share_enabled": null,
            "location": "eastus2",
            "min_tls_version": "TLS1_0",
            "name": "tfbackstoragemodulerac",
            "network_rules": [
              {
                "bypass": [
                  "AzureServices"
                ],
                "default_action": "Allow",
                "ip_rules": [],
                "virtual_network_subnet_ids": []
              }
            ],
            "primary_access_key": "pXj37H+XA7B7kRm8VficLb8x+RJUorVVibnnBSuPGb0UsWEP+Dr24eZj01fug2w0aUhzuvVzr3qwq9mjbjOB+A==",
            "primary_blob_connection_string": "DefaultEndpointsProtocol=https;BlobEndpoint=https://tfbackstoragemodulerac.blob.core.windows.net/;AccountName=tfbackstoragemodulerac;AccountKey=pXj37H+XA7B7kRm8VficLb8x+RJUorVVibnnBSuPGb0UsWEP+Dr24eZj01fug2w0aUhzuvVzr3qwq9mjbjOB+A==",
            "primary_blob_endpoint": "https://tfbackstoragemodulerac.blob.core.windows.net/",
            "primary_blob_host": "tfbackstoragemodulerac.blob.core.windows.net",
            "primary_connection_string": "DefaultEndpointsProtocol=https;AccountName=tfbackstoragemodulerac;AccountKey=pXj37H+XA7B7kRm8VficLb8x+RJUorVVibnnBSuPGb0UsWEP+Dr24eZj01fug2w0aUhzuvVzr3qwq9mjbjOB+A==;EndpointSuffix=core.windows.net",
            "primary_dfs_endpoint": "https://tfbackstoragemodulerac.dfs.core.windows.net/",
            "primary_dfs_host": "tfbackstoragemodulerac.dfs.core.windows.net",
            "primary_file_endpoint": "https://tfbackstoragemodulerac.file.core.windows.net/",
            "primary_file_host": "tfbackstoragemodulerac.file.core.windows.net",
            "primary_location": "eastus2",
            "primary_queue_endpoint": "https://tfbackstoragemodulerac.queue.core.windows.net/",
            "primary_queue_host": "tfbackstoragemodulerac.queue.core.windows.net",
            "primary_table_endpoint": "https://tfbackstoragemodulerac.table.core.windows.net/",
            "primary_table_host": "tfbackstoragemodulerac.table.core.windows.net",
            "primary_web_endpoint": "https://tfbackstoragemodulerac.z20.web.core.windows.net/",
            "primary_web_host": "tfbackstoragemodulerac.z20.web.core.windows.net",
            "queue_properties": [
              {
                "cors_rule": [],
                "hour_metrics": [
                  {
                    "enabled": true,
                    "include_apis": true,
                    "retention_policy_days": 7,
                    "version": "1.0"
                  }
                ],
                "logging": [
                  {
                    "delete": false,
                    "read": false,
                    "retention_policy_days": 0,
                    "version": "1.0",
                    "write": false
                  }
                ],
                "minute_metrics": [
                  {
                    "enabled": false,
                    "include_apis": false,
                    "retention_policy_days": 0,
                    "version": "1.0"
                  }
                ]
              }
            ],
            "resource_group_name": "tf-module-bootup-state-rg",
            "secondary_access_key": "ijMWYjgBcIK3HpafqAqzWfmoWZtezbhx2vOuW03oEX4yw2nJI7iCP+OvtefMQ9i7ZpkQ1Rvtu9QZGBv3BCwH6g==",
            "secondary_blob_connection_string": "",
            "secondary_blob_endpoint": null,
            "secondary_blob_host": null,
            "secondary_connection_string": "DefaultEndpointsProtocol=https;AccountName=tfbackstoragemodulerac;AccountKey=ijMWYjgBcIK3HpafqAqzWfmoWZtezbhx2vOuW03oEX4yw2nJI7iCP+OvtefMQ9i7ZpkQ1Rvtu9QZGBv3BCwH6g==;EndpointSuffix=core.windows.net",
            "secondary_dfs_endpoint": null,
            "secondary_dfs_host": null,
            "secondary_file_endpoint": null,
            "secondary_file_host": null,
            "secondary_location": "",
            "secondary_queue_endpoint": null,
            "secondary_queue_host": null,
            "secondary_table_endpoint": null,
            "secondary_table_host": null,
            "secondary_web_endpoint": null,
            "secondary_web_host": null,
            "static_website": [],
            "tags": {
              "environment": "dev_module"
            },
            "timeouts": null
          },
          "sensitive_attributes": [],
          "private": "eyJlMmJmYjczMC1lY2FhLTExZTYtOGY4OC0zNDM2M2JjN2M0YzAiOnsiY3JlYXRlIjozNjAwMDAwMDAwMDAwLCJkZWxldGUiOjM2MDAwMDAwMDAwMDAsInJlYWQiOjMwMDAwMDAwMDAwMCwidXBkYXRlIjozNjAwMDAwMDAwMDAwfSwic2NoZW1hX3ZlcnNpb24iOiIyIn0=",
          "dependencies": [
            "azurerm_resource_group.tf-pre-created"
          ]
        }
      ]
    },
    {
      "mode": "managed",
      "type": "azurerm_storage_container",
      "name": "tfstate_container",
      "provider": "provider[\"registry.terraform.io/hashicorp/azurerm\"]",
      "instances": [
        {
          "schema_version": 1,
          "attributes": {
            "container_access_type": "private",
            "has_immutability_policy": false,
            "has_legal_hold": false,
            "id": "https://tfbootstoragemodulerac.blob.core.windows.net/tfrsmodule",
            "metadata": {},
            "name": "tfrsmodule",
            "resource_manager_id": "/subscriptions/3d02b1ba-2d66-4c30-9d49-d75f51ea0e10/resourceGroups/tf-module-bootup-state-rg/providers/Microsoft.Storage/storageAccounts/tfbootstoragemodulerac/blobServices/default/containers/tfrsmodule",
            "storage_account_name": "tfbootstoragemodulerac",
            "timeouts": null
          },
          "sensitive_attributes": [],
          "private": "eyJlMmJmYjczMC1lY2FhLTExZTYtOGY4OC0zNDM2M2JjN2M0YzAiOnsiY3JlYXRlIjoxODAwMDAwMDAwMDAwLCJkZWxldGUiOjE4MDAwMDAwMDAwMDAsInJlYWQiOjMwMDAwMDAwMDAwMCwidXBkYXRlIjoxODAwMDAwMDAwMDAwfSwic2NoZW1hX3ZlcnNpb24iOiIxIn0=",
          "dependencies": [
            "azurerm_resource_group.tf-pre-created",
            "azurerm_storage_account.tfstate"
          ]
        }
      ]
    }
  ]
}
